
Microsoft Visual Studio Solution File, Format Version 12.00
# Visual Studio Version 16
VisualStudioVersion = 16.0.29411.108
MinimumVisualStudioVersion = 10.0.40219.1
Project("{888888A0-9F3D-457C-B088-3A5042F75D52}") = "haptic_sim", "haptic_sim\haptic_sim.pyproj", "{52E06159-4D07-4B86-872F-8DB197D45C55}"
EndProject
Global
	GlobalSection(SolutionConfigurationPlatforms) = preSolution
		Debug|Any CPU = Debug|Any CPU
		Release|Any CPU = Release|Any CPU
	EndGlobalSection
	GlobalSection(ProjectConfigurationPlatforms) = postSolution
		{52E06159-4D07-4B86-872F-8DB197D45C55}.Debug|Any CPU.ActiveCfg = Debug|Any CPU
		{52E06159-4D07-4B86-872F-8DB197D45C55}.Release|Any CPU.ActiveCfg = Release|Any CPU
	EndGlobalSection
	GlobalSection(SolutionProperties) = preSolution
		HideSolutionNode = FALSE
	EndGlobalSection
	GlobalSection(ExtensibilityGlobals) = postSolution
		SolutionGuid = {68E3A1DA-7AF4-4F45-9920-53C746DFE675}
	EndGlobalSection
EndGlobal
